// !$*UTF8*$!
{
	archiveVersion = 1;
	classes = {
	};
	objectVersion = 50;
	objects = {

/* Begin PBXBuildFile section */
		115D3154DA5408D0033C98C3 /* RestApi.swift in Sources */ = {isa = PBXBuildFile; fileRef = 115D3915E38320531B67D9B8 /* RestApi.swift */; };
		115D329C7F4DF83A6E36892F /* MainViewModel.swift in Sources */ = {isa = PBXBuildFile; fileRef = 115D39FA7B9D5A626CE67BA5 /* MainViewModel.swift */; };
		115D36DFD28F19506CF35406 /* DoctorsViewModel.swift in Sources */ = {isa = PBXBuildFile; fileRef = 115D3E1770CDC193159D1CED /* DoctorsViewModel.swift */; };
		115D3713E4F9E99FFDED4DCB /* Extensions.swift in Sources */ = {isa = PBXBuildFile; fileRef = 115D382E23EDBC1C24848835 /* Extensions.swift */; };
		115D396B3695FFFE689779F8 /* Speciality.swift in Sources */ = {isa = PBXBuildFile; fileRef = 115D3FC6A6DA5ACA0859AA0C /* Speciality.swift */; };
		115D3E85724CBC9DC79FAD35 /* Doctor.swift in Sources */ = {isa = PBXBuildFile; fileRef = 115D3C6B43E054543723A892 /* Doctor.swift */; };
		115D3EFFCAF978272A49F56E /* BaseViewModel.swift in Sources */ = {isa = PBXBuildFile; fileRef = 115D3057D784418C438B46B4 /* BaseViewModel.swift */; };
		163AFA23DD47C10FFF874F61 /* Pods_DoctorsTests.framework in Frameworks */ = {isa = PBXBuildFile; fileRef = C5EA3ECA9980D2682178E059 /* Pods_DoctorsTests.framework */; };
		18D5F77120AD57350091B4EC /* AppDelegate.swift in Sources */ = {isa = PBXBuildFile; fileRef = 18D5F77020AD57350091B4EC /* AppDelegate.swift */; };
		18D5F77320AD57350091B4EC /* MainViewController.swift in Sources */ = {isa = PBXBuildFile; fileRef = 18D5F77220AD57350091B4EC /* MainViewController.swift */; };
		18D5F77620AD57350091B4EC /* Main.storyboard in Resources */ = {isa = PBXBuildFile; fileRef = 18D5F77420AD57350091B4EC /* Main.storyboard */; };
		18D5F77820AD57360091B4EC /* Assets.xcassets in Resources */ = {isa = PBXBuildFile; fileRef = 18D5F77720AD57360091B4EC /* Assets.xcassets */; };
		18D5F77B20AD57360091B4EC /* LaunchScreen.storyboard in Resources */ = {isa = PBXBuildFile; fileRef = 18D5F77920AD57360091B4EC /* LaunchScreen.storyboard */; };
		18D5F78620AD57360091B4EC /* DoctorsTests.swift in Sources */ = {isa = PBXBuildFile; fileRef = 18D5F78520AD57360091B4EC /* DoctorsTests.swift */; };
		18D5F79120AD57370091B4EC /* DoctorsUITests.swift in Sources */ = {isa = PBXBuildFile; fileRef = 18D5F79020AD57370091B4EC /* DoctorsUITests.swift */; };
		18D5F7A720AD6E420091B4EC /* DoctorsViewController.swift in Sources */ = {isa = PBXBuildFile; fileRef = 18D5F7A620AD6E420091B4EC /* DoctorsViewController.swift */; };
		52B459E031596F6098447F32 /* Pods_Doctors.framework in Frameworks */ = {isa = PBXBuildFile; fileRef = B96D06A5514D97A825D5E739 /* Pods_Doctors.framework */; };
		C2AF10F3B1091ECAA61DFDA3 /* Pods_DoctorsUITests.framework in Frameworks */ = {isa = PBXBuildFile; fileRef = 1874778AA37FAC89A8685D74 /* Pods_DoctorsUITests.framework */; };
/* End PBXBuildFile section */

/* Begin PBXContainerItemProxy section */
		18D5F78220AD57360091B4EC /* PBXContainerItemProxy */ = {
			isa = PBXContainerItemProxy;
			containerPortal = 18D5F76520AD57350091B4EC /* Project object */;
			proxyType = 1;
			remoteGlobalIDString = 18D5F76C20AD57350091B4EC;
			remoteInfo = Doctors;
		};
		18D5F78D20AD57370091B4EC /* PBXContainerItemProxy */ = {
			isa = PBXContainerItemProxy;
			containerPortal = 18D5F76520AD57350091B4EC /* Project object */;
			proxyType = 1;
			remoteGlobalIDString = 18D5F76C20AD57350091B4EC;
			remoteInfo = Doctors;
		};
/* End PBXContainerItemProxy section */

/* Begin PBXFileReference section */
		115D3057D784418C438B46B4 /* BaseViewModel.swift */ = {isa = PBXFileReference; fileEncoding = 4; lastKnownFileType = sourcecode.swift; path = BaseViewModel.swift; sourceTree = "<group>"; };
		115D382E23EDBC1C24848835 /* Extensions.swift */ = {isa = PBXFileReference; fileEncoding = 4; lastKnownFileType = sourcecode.swift; path = Extensions.swift; sourceTree = "<group>"; };
		115D3915E38320531B67D9B8 /* RestApi.swift */ = {isa = PBXFileReference; fileEncoding = 4; lastKnownFileType = sourcecode.swift; path = RestApi.swift; sourceTree = "<group>"; };
		115D39FA7B9D5A626CE67BA5 /* MainViewModel.swift */ = {isa = PBXFileReference; fileEncoding = 4; lastKnownFileType = sourcecode.swift; path = MainViewModel.swift; sourceTree = "<group>"; };
		115D3C6B43E054543723A892 /* Doctor.swift */ = {isa = PBXFileReference; fileEncoding = 4; lastKnownFileType = sourcecode.swift; path = Doctor.swift; sourceTree = "<group>"; };
		115D3E1770CDC193159D1CED /* DoctorsViewModel.swift */ = {isa = PBXFileReference; fileEncoding = 4; lastKnownFileType = sourcecode.swift; path = DoctorsViewModel.swift; sourceTree = "<group>"; };
		115D3FC6A6DA5ACA0859AA0C /* Speciality.swift */ = {isa = PBXFileReference; fileEncoding = 4; lastKnownFileType = sourcecode.swift; path = Speciality.swift; sourceTree = "<group>"; };
		1874778AA37FAC89A8685D74 /* Pods_DoctorsUITests.framework */ = {isa = PBXFileReference; explicitFileType = wrapper.framework; includeInIndex = 0; path = Pods_DoctorsUITests.framework; sourceTree = BUILT_PRODUCTS_DIR; };
		18D5F76D20AD57350091B4EC /* Doctors.app */ = {isa = PBXFileReference; explicitFileType = wrapper.application; includeInIndex = 0; path = Doctors.app; sourceTree = BUILT_PRODUCTS_DIR; };
		18D5F77020AD57350091B4EC /* AppDelegate.swift */ = {isa = PBXFileReference; lastKnownFileType = sourcecode.swift; path = AppDelegate.swift; sourceTree = "<group>"; };
		18D5F77220AD57350091B4EC /* MainViewController.swift */ = {isa = PBXFileReference; lastKnownFileType = sourcecode.swift; path = MainViewController.swift; sourceTree = "<group>"; };
		18D5F77520AD57350091B4EC /* Base */ = {isa = PBXFileReference; lastKnownFileType = file.storyboard; name = Base; path = Base.lproj/Main.storyboard; sourceTree = "<group>"; };
		18D5F77720AD57360091B4EC /* Assets.xcassets */ = {isa = PBXFileReference; lastKnownFileType = folder.assetcatalog; path = Assets.xcassets; sourceTree = "<group>"; };
		18D5F77A20AD57360091B4EC /* Base */ = {isa = PBXFileReference; lastKnownFileType = file.storyboard; name = Base; path = Base.lproj/LaunchScreen.storyboard; sourceTree = "<group>"; };
		18D5F77C20AD57360091B4EC /* Info.plist */ = {isa = PBXFileReference; lastKnownFileType = text.plist.xml; path = Info.plist; sourceTree = "<group>"; };
		18D5F78120AD57360091B4EC /* DoctorsTests.xctest */ = {isa = PBXFileReference; explicitFileType = wrapper.cfbundle; includeInIndex = 0; path = DoctorsTests.xctest; sourceTree = BUILT_PRODUCTS_DIR; };
		18D5F78520AD57360091B4EC /* DoctorsTests.swift */ = {isa = PBXFileReference; lastKnownFileType = sourcecode.swift; path = DoctorsTests.swift; sourceTree = "<group>"; };
		18D5F78720AD57370091B4EC /* Info.plist */ = {isa = PBXFileReference; lastKnownFileType = text.plist.xml; path = Info.plist; sourceTree = "<group>"; };
		18D5F78C20AD57370091B4EC /* DoctorsUITests.xctest */ = {isa = PBXFileReference; explicitFileType = wrapper.cfbundle; includeInIndex = 0; path = DoctorsUITests.xctest; sourceTree = BUILT_PRODUCTS_DIR; };
		18D5F79020AD57370091B4EC /* DoctorsUITests.swift */ = {isa = PBXFileReference; lastKnownFileType = sourcecode.swift; path = DoctorsUITests.swift; sourceTree = "<group>"; };
		18D5F79220AD57370091B4EC /* Info.plist */ = {isa = PBXFileReference; lastKnownFileType = text.plist.xml; path = Info.plist; sourceTree = "<group>"; };
		18D5F7A620AD6E420091B4EC /* DoctorsViewController.swift */ = {isa = PBXFileReference; lastKnownFileType = sourcecode.swift; path = DoctorsViewController.swift; sourceTree = "<group>"; };
		4E4AF0E4F31CD69E1BF00EED /* Pods-DoctorsTests.release.xcconfig */ = {isa = PBXFileReference; includeInIndex = 1; lastKnownFileType = text.xcconfig; name = "Pods-DoctorsTests.release.xcconfig"; path = "Pods/Target Support Files/Pods-DoctorsTests/Pods-DoctorsTests.release.xcconfig"; sourceTree = "<group>"; };
		77061FB9377325FA80F4052D /* Pods-DoctorsUITests.debug.xcconfig */ = {isa = PBXFileReference; includeInIndex = 1; lastKnownFileType = text.xcconfig; name = "Pods-DoctorsUITests.debug.xcconfig"; path = "Pods/Target Support Files/Pods-DoctorsUITests/Pods-DoctorsUITests.debug.xcconfig"; sourceTree = "<group>"; };
		A5A4F1156D1DEA5F55A25634 /* Pods-DoctorsUITests.release.xcconfig */ = {isa = PBXFileReference; includeInIndex = 1; lastKnownFileType = text.xcconfig; name = "Pods-DoctorsUITests.release.xcconfig"; path = "Pods/Target Support Files/Pods-DoctorsUITests/Pods-DoctorsUITests.release.xcconfig"; sourceTree = "<group>"; };
		AB906CEEB577A4805748099E /* Pods-Doctors.debug.xcconfig */ = {isa = PBXFileReference; includeInIndex = 1; lastKnownFileType = text.xcconfig; name = "Pods-Doctors.debug.xcconfig"; path = "Pods/Target Support Files/Pods-Doctors/Pods-Doctors.debug.xcconfig"; sourceTree = "<group>"; };
		B96D06A5514D97A825D5E739 /* Pods_Doctors.framework */ = {isa = PBXFileReference; explicitFileType = wrapper.framework; includeInIndex = 0; path = Pods_Doctors.framework; sourceTree = BUILT_PRODUCTS_DIR; };
		C5EA3ECA9980D2682178E059 /* Pods_DoctorsTests.framework */ = {isa = PBXFileReference; explicitFileType = wrapper.framework; includeInIndex = 0; path = Pods_DoctorsTests.framework; sourceTree = BUILT_PRODUCTS_DIR; };
		CA3C7D3077B9F552777E1121 /* Pods-DoctorsTests.debug.xcconfig */ = {isa = PBXFileReference; includeInIndex = 1; lastKnownFileType = text.xcconfig; name = "Pods-DoctorsTests.debug.xcconfig"; path = "Pods/Target Support Files/Pods-DoctorsTests/Pods-DoctorsTests.debug.xcconfig"; sourceTree = "<group>"; };
		DC861E37271EA795BE462A73 /* Pods-Doctors.release.xcconfig */ = {isa = PBXFileReference; includeInIndex = 1; lastKnownFileType = text.xcconfig; name = "Pods-Doctors.release.xcconfig"; path = "Pods/Target Support Files/Pods-Doctors/Pods-Doctors.release.xcconfig"; sourceTree = "<group>"; };
/* End PBXFileReference section */

/* Begin PBXFrameworksBuildPhase section */
		18D5F76A20AD57350091B4EC /* Frameworks */ = {
			isa = PBXFrameworksBuildPhase;
			buildActionMask = 2147483647;
			files = (
				52B459E031596F6098447F32 /* Pods_Doctors.framework in Frameworks */,
			);
			runOnlyForDeploymentPostprocessing = 0;
		};
		18D5F77E20AD57360091B4EC /* Frameworks */ = {
			isa = PBXFrameworksBuildPhase;
			buildActionMask = 2147483647;
			files = (
				163AFA23DD47C10FFF874F61 /* Pods_DoctorsTests.framework in Frameworks */,
			);
			runOnlyForDeploymentPostprocessing = 0;
		};
		18D5F78920AD57370091B4EC /* Frameworks */ = {
			isa = PBXFrameworksBuildPhase;
			buildActionMask = 2147483647;
			files = (
				C2AF10F3B1091ECAA61DFDA3 /* Pods_DoctorsUITests.framework in Frameworks */,
			);
			runOnlyForDeploymentPostprocessing = 0;
		};
/* End PBXFrameworksBuildPhase section */

/* Begin PBXGroup section */
		18D5F76420AD57350091B4EC = {
			isa = PBXGroup;
			children = (
				18D5F76F20AD57350091B4EC /* Doctors */,
				18D5F78420AD57360091B4EC /* DoctorsTests */,
				18D5F78F20AD57370091B4EC /* DoctorsUITests */,
				18D5F76E20AD57350091B4EC /* Products */,
				BAA077D06264A0A25CD09866 /* Pods */,
				825E70C909864C9DD6AB53E6 /* Frameworks */,
			);
			sourceTree = "<group>";
		};
		18D5F76E20AD57350091B4EC /* Products */ = {
			isa = PBXGroup;
			children = (
				18D5F76D20AD57350091B4EC /* Doctors.app */,
				18D5F78120AD57360091B4EC /* DoctorsTests.xctest */,
				18D5F78C20AD57370091B4EC /* DoctorsUITests.xctest */,
			);
			name = Products;
			sourceTree = "<group>";
		};
		18D5F76F20AD57350091B4EC /* Doctors */ = {
			isa = PBXGroup;
			children = (
				18D5F7A420AD578F0091B4EC /* Resources */,
				18D5F7A320AD57800091B4EC /* Models */,
				18D5F7A220AD577A0091B4EC /* Common */,
				18D5F79F20AD574E0091B4EC /* Screens */,
				18D5F79E20AD57430091B4EC /* Storyboards */,
			);
			path = Doctors;
			sourceTree = "<group>";
		};
		18D5F78420AD57360091B4EC /* DoctorsTests */ = {
			isa = PBXGroup;
			children = (
				18D5F78520AD57360091B4EC /* DoctorsTests.swift */,
				18D5F78720AD57370091B4EC /* Info.plist */,
			);
			path = DoctorsTests;
			sourceTree = "<group>";
		};
		18D5F78F20AD57370091B4EC /* DoctorsUITests */ = {
			isa = PBXGroup;
			children = (
				18D5F79020AD57370091B4EC /* DoctorsUITests.swift */,
				18D5F79220AD57370091B4EC /* Info.plist */,
			);
			path = DoctorsUITests;
			sourceTree = "<group>";
		};
		18D5F79E20AD57430091B4EC /* Storyboards */ = {
			isa = PBXGroup;
			children = (
				18D5F77420AD57350091B4EC /* Main.storyboard */,
				18D5F77920AD57360091B4EC /* LaunchScreen.storyboard */,
			);
			path = Storyboards;
			sourceTree = "<group>";
		};
		18D5F79F20AD574E0091B4EC /* Screens */ = {
			isa = PBXGroup;
			children = (
				18D5F7A120AD57640091B4EC /* Doctors */,
				18D5F7A020AD575C0091B4EC /* Main */,
			);
			path = Screens;
			sourceTree = "<group>";
		};
		18D5F7A020AD575C0091B4EC /* Main */ = {
			isa = PBXGroup;
			children = (
				18D5F77220AD57350091B4EC /* MainViewController.swift */,
				115D39FA7B9D5A626CE67BA5 /* MainViewModel.swift */,
			);
			path = Main;
			sourceTree = "<group>";
		};
		18D5F7A120AD57640091B4EC /* Doctors */ = {
			isa = PBXGroup;
			children = (
				18D5F7A620AD6E420091B4EC /* DoctorsViewController.swift */,
				115D3E1770CDC193159D1CED /* DoctorsViewModel.swift */,
			);
			path = Doctors;
			sourceTree = "<group>";
		};
		18D5F7A220AD577A0091B4EC /* Common */ = {
			isa = PBXGroup;
			children = (
				18D5F77020AD57350091B4EC /* AppDelegate.swift */,
				115D3915E38320531B67D9B8 /* RestApi.swift */,
				115D3057D784418C438B46B4 /* BaseViewModel.swift */,
				115D382E23EDBC1C24848835 /* Extensions.swift */,
			);
			path = Common;
			sourceTree = "<group>";
		};
		18D5F7A320AD57800091B4EC /* Models */ = {
			isa = PBXGroup;
			children = (
				115D3FC6A6DA5ACA0859AA0C /* Speciality.swift */,
				115D3C6B43E054543723A892 /* Doctor.swift */,
			);
			path = Models;
			sourceTree = "<group>";
		};
		18D5F7A420AD578F0091B4EC /* Resources */ = {
			isa = PBXGroup;
			children = (
				18D5F77720AD57360091B4EC /* Assets.xcassets */,
				18D5F77C20AD57360091B4EC /* Info.plist */,
			);
			path = Resources;
			sourceTree = "<group>";
		};
		825E70C909864C9DD6AB53E6 /* Frameworks */ = {
			isa = PBXGroup;
			children = (
				B96D06A5514D97A825D5E739 /* Pods_Doctors.framework */,
				C5EA3ECA9980D2682178E059 /* Pods_DoctorsTests.framework */,
				1874778AA37FAC89A8685D74 /* Pods_DoctorsUITests.framework */,
			);
			name = Frameworks;
			sourceTree = "<group>";
		};
		BAA077D06264A0A25CD09866 /* Pods */ = {
			isa = PBXGroup;
			children = (
				AB906CEEB577A4805748099E /* Pods-Doctors.debug.xcconfig */,
				DC861E37271EA795BE462A73 /* Pods-Doctors.release.xcconfig */,
				CA3C7D3077B9F552777E1121 /* Pods-DoctorsTests.debug.xcconfig */,
				4E4AF0E4F31CD69E1BF00EED /* Pods-DoctorsTests.release.xcconfig */,
				77061FB9377325FA80F4052D /* Pods-DoctorsUITests.debug.xcconfig */,
				A5A4F1156D1DEA5F55A25634 /* Pods-DoctorsUITests.release.xcconfig */,
			);
			name = Pods;
			sourceTree = "<group>";
		};
/* End PBXGroup section */

/* Begin PBXNativeTarget section */
		18D5F76C20AD57350091B4EC /* Doctors */ = {
			isa = PBXNativeTarget;
			buildConfigurationList = 18D5F79520AD57370091B4EC /* Build configuration list for PBXNativeTarget "Doctors" */;
			buildPhases = (
				225CB849405ABE08C19E57F2 /* [CP] Check Pods Manifest.lock */,
				18D5F76920AD57350091B4EC /* Sources */,
				18D5F76A20AD57350091B4EC /* Frameworks */,
				18D5F76B20AD57350091B4EC /* Resources */,
				D1E6628D866CE154EE31F6D9 /* [CP] Embed Pods Frameworks */,
				90DE93FF650685465749B697 /* [CP] Copy Pods Resources */,
			);
			buildRules = (
			);
			dependencies = (
			);
			name = Doctors;
			productName = Doctors;
			productReference = 18D5F76D20AD57350091B4EC /* Doctors.app */;
			productType = "com.apple.product-type.application";
		};
		18D5F78020AD57360091B4EC /* DoctorsTests */ = {
			isa = PBXNativeTarget;
			buildConfigurationList = 18D5F79820AD57370091B4EC /* Build configuration list for PBXNativeTarget "DoctorsTests" */;
			buildPhases = (
				1D6C7B23FDA8EE01DDC83F88 /* [CP] Check Pods Manifest.lock */,
				18D5F77D20AD57360091B4EC /* Sources */,
				18D5F77E20AD57360091B4EC /* Frameworks */,
				18D5F77F20AD57360091B4EC /* Resources */,
				0B28488F70CC5A4E10B77D4A /* [CP] Embed Pods Frameworks */,
				08D12BB21A85F3CD9DE62530 /* [CP] Copy Pods Resources */,
			);
			buildRules = (
			);
			dependencies = (
				18D5F78320AD57360091B4EC /* PBXTargetDependency */,
			);
			name = DoctorsTests;
			productName = DoctorsTests;
			productReference = 18D5F78120AD57360091B4EC /* DoctorsTests.xctest */;
			productType = "com.apple.product-type.bundle.unit-test";
		};
		18D5F78B20AD57370091B4EC /* DoctorsUITests */ = {
			isa = PBXNativeTarget;
			buildConfigurationList = 18D5F79B20AD57370091B4EC /* Build configuration list for PBXNativeTarget "DoctorsUITests" */;
			buildPhases = (
				32081A4EDF745B5B4647B84D /* [CP] Check Pods Manifest.lock */,
				18D5F78820AD57370091B4EC /* Sources */,
				18D5F78920AD57370091B4EC /* Frameworks */,
				18D5F78A20AD57370091B4EC /* Resources */,
				7878F4C90AA8BF75B89846FC /* [CP] Embed Pods Frameworks */,
				5A6DD7928429673050C6AB9B /* [CP] Copy Pods Resources */,
			);
			buildRules = (
			);
			dependencies = (
				18D5F78E20AD57370091B4EC /* PBXTargetDependency */,
			);
			name = DoctorsUITests;
			productName = DoctorsUITests;
			productReference = 18D5F78C20AD57370091B4EC /* DoctorsUITests.xctest */;
			productType = "com.apple.product-type.bundle.ui-testing";
		};
/* End PBXNativeTarget section */

/* Begin PBXProject section */
		18D5F76520AD57350091B4EC /* Project object */ = {
			isa = PBXProject;
			attributes = {
				LastSwiftUpdateCheck = 0930;
				LastUpgradeCheck = 0930;
				ORGANIZATIONNAME = bently_93.com;
				TargetAttributes = {
					18D5F76C20AD57350091B4EC = {
						CreatedOnToolsVersion = 9.3;
					};
					18D5F78020AD57360091B4EC = {
						CreatedOnToolsVersion = 9.3;
						TestTargetID = 18D5F76C20AD57350091B4EC;
					};
					18D5F78B20AD57370091B4EC = {
						CreatedOnToolsVersion = 9.3;
						TestTargetID = 18D5F76C20AD57350091B4EC;
					};
				};
			};
			buildConfigurationList = 18D5F76820AD57350091B4EC /* Build configuration list for PBXProject "Doctors" */;
			compatibilityVersion = "Xcode 9.3";
			developmentRegion = en;
			hasScannedForEncodings = 0;
			knownRegions = (
				en,
				Base,
			);
			mainGroup = 18D5F76420AD57350091B4EC;
			productRefGroup = 18D5F76E20AD57350091B4EC /* Products */;
			projectDirPath = "";
			projectRoot = "";
			targets = (
				18D5F76C20AD57350091B4EC /* Doctors */,
				18D5F78020AD57360091B4EC /* DoctorsTests */,
				18D5F78B20AD57370091B4EC /* DoctorsUITests */,
			);
		};
/* End PBXProject section */

/* Begin PBXResourcesBuildPhase section */
		18D5F76B20AD57350091B4EC /* Resources */ = {
			isa = PBXResourcesBuildPhase;
			buildActionMask = 2147483647;
			files = (
				18D5F77B20AD57360091B4EC /* LaunchScreen.storyboard in Resources */,
				18D5F77820AD57360091B4EC /* Assets.xcassets in Resources */,
				18D5F77620AD57350091B4EC /* Main.storyboard in Resources */,
			);
			runOnlyForDeploymentPostprocessing = 0;
		};
		18D5F77F20AD57360091B4EC /* Resources */ = {
			isa = PBXResourcesBuildPhase;
			buildActionMask = 2147483647;
			files = (
			);
			runOnlyForDeploymentPostprocessing = 0;
		};
		18D5F78A20AD57370091B4EC /* Resources */ = {
			isa = PBXResourcesBuildPhase;
			buildActionMask = 2147483647;
			files = (
			);
			runOnlyForDeploymentPostprocessing = 0;
		};
/* End PBXResourcesBuildPhase section */

/* Begin PBXShellScriptBuildPhase section */
		08D12BB21A85F3CD9DE62530 /* [CP] Copy Pods Resources */ = {
			isa = PBXShellScriptBuildPhase;
			buildActionMask = 2147483647;
			files = (
			);
			inputPaths = (
			);
			name = "[CP] Copy Pods Resources";
			outputPaths = (
			);
			runOnlyForDeploymentPostprocessing = 0;
			shellPath = /bin/sh;
			shellScript = "\"${SRCROOT}/Pods/Target Support Files/Pods-DoctorsTests/Pods-DoctorsTests-resources.sh\"\n";
			showEnvVarsInLog = 0;
		};
		0B28488F70CC5A4E10B77D4A /* [CP] Embed Pods Frameworks */ = {
			isa = PBXShellScriptBuildPhase;
			buildActionMask = 2147483647;
			files = (
			);
			inputPaths = (
			);
			name = "[CP] Embed Pods Frameworks";
			outputPaths = (
			);
			runOnlyForDeploymentPostprocessing = 0;
			shellPath = /bin/sh;
			shellScript = "\"${SRCROOT}/Pods/Target Support Files/Pods-DoctorsTests/Pods-DoctorsTests-frameworks.sh\"\n";
			showEnvVarsInLog = 0;
		};
		1D6C7B23FDA8EE01DDC83F88 /* [CP] Check Pods Manifest.lock */ = {
			isa = PBXShellScriptBuildPhase;
			buildActionMask = 2147483647;
			files = (
			);
			inputPaths = (
				"${PODS_PODFILE_DIR_PATH}/Podfile.lock",
				"${PODS_ROOT}/Manifest.lock",
			);
			name = "[CP] Check Pods Manifest.lock";
			outputPaths = (
				"$(DERIVED_FILE_DIR)/Pods-DoctorsTests-checkManifestLockResult.txt",
			);
			runOnlyForDeploymentPostprocessing = 0;
			shellPath = /bin/sh;
			shellScript = "diff \"${PODS_PODFILE_DIR_PATH}/Podfile.lock\" \"${PODS_ROOT}/Manifest.lock\" > /dev/null\nif [ $? != 0 ] ; then\n    # print error to STDERR\n    echo \"error: The sandbox is not in sync with the Podfile.lock. Run 'pod install' or update your CocoaPods installation.\" >&2\n    exit 1\nfi\n# This output is used by Xcode 'outputs' to avoid re-running this script phase.\necho \"SUCCESS\" > \"${SCRIPT_OUTPUT_FILE_0}\"\n";
			showEnvVarsInLog = 0;
		};
		225CB849405ABE08C19E57F2 /* [CP] Check Pods Manifest.lock */ = {
			isa = PBXShellScriptBuildPhase;
			buildActionMask = 2147483647;
			files = (
			);
			inputPaths = (
				"${PODS_PODFILE_DIR_PATH}/Podfile.lock",
				"${PODS_ROOT}/Manifest.lock",
			);
			name = "[CP] Check Pods Manifest.lock";
			outputPaths = (
				"$(DERIVED_FILE_DIR)/Pods-Doctors-checkManifestLockResult.txt",
			);
			runOnlyForDeploymentPostprocessing = 0;
			shellPath = /bin/sh;
			shellScript = "diff \"${PODS_PODFILE_DIR_PATH}/Podfile.lock\" \"${PODS_ROOT}/Manifest.lock\" > /dev/null\nif [ $? != 0 ] ; then\n    # print error to STDERR\n    echo \"error: The sandbox is not in sync with the Podfile.lock. Run 'pod install' or update your CocoaPods installation.\" >&2\n    exit 1\nfi\n# This output is used by Xcode 'outputs' to avoid re-running this script phase.\necho \"SUCCESS\" > \"${SCRIPT_OUTPUT_FILE_0}\"\n";
			showEnvVarsInLog = 0;
		};
		32081A4EDF745B5B4647B84D /* [CP] Check Pods Manifest.lock */ = {
			isa = PBXShellScriptBuildPhase;
			buildActionMask = 2147483647;
			files = (
			);
			inputPaths = (
				"${PODS_PODFILE_DIR_PATH}/Podfile.lock",
				"${PODS_ROOT}/Manifest.lock",
			);
			name = "[CP] Check Pods Manifest.lock";
			outputPaths = (
				"$(DERIVED_FILE_DIR)/Pods-DoctorsUITests-checkManifestLockResult.txt",
			);
			runOnlyForDeploymentPostprocessing = 0;
			shellPath = /bin/sh;
			shellScript = "diff \"${PODS_PODFILE_DIR_PATH}/Podfile.lock\" \"${PODS_ROOT}/Manifest.lock\" > /dev/null\nif [ $? != 0 ] ; then\n    # print error to STDERR\n    echo \"error: The sandbox is not in sync with the Podfile.lock. Run 'pod install' or update your CocoaPods installation.\" >&2\n    exit 1\nfi\n# This output is used by Xcode 'outputs' to avoid re-running this script phase.\necho \"SUCCESS\" > \"${SCRIPT_OUTPUT_FILE_0}\"\n";
			showEnvVarsInLog = 0;
		};
		5A6DD7928429673050C6AB9B /* [CP] Copy Pods Resources */ = {
			isa = PBXShellScriptBuildPhase;
			buildActionMask = 2147483647;
			files = (
			);
			inputPaths = (
			);
			name = "[CP] Copy Pods Resources";
			outputPaths = (
			);
			runOnlyForDeploymentPostprocessing = 0;
			shellPath = /bin/sh;
			shellScript = "\"${SRCROOT}/Pods/Target Support Files/Pods-DoctorsUITests/Pods-DoctorsUITests-resources.sh\"\n";
			showEnvVarsInLog = 0;
		};
		7878F4C90AA8BF75B89846FC /* [CP] Embed Pods Frameworks */ = {
			isa = PBXShellScriptBuildPhase;
			buildActionMask = 2147483647;
			files = (
			);
			inputPaths = (
			);
			name = "[CP] Embed Pods Frameworks";
			outputPaths = (
			);
			runOnlyForDeploymentPostprocessing = 0;
			shellPath = /bin/sh;
			shellScript = "\"${SRCROOT}/Pods/Target Support Files/Pods-DoctorsUITests/Pods-DoctorsUITests-frameworks.sh\"\n";
			showEnvVarsInLog = 0;
		};
		90DE93FF650685465749B697 /* [CP] Copy Pods Resources */ = {
			isa = PBXShellScriptBuildPhase;
			buildActionMask = 2147483647;
			files = (
			);
			inputPaths = (
			);
			name = "[CP] Copy Pods Resources";
			outputPaths = (
			);
			runOnlyForDeploymentPostprocessing = 0;
			shellPath = /bin/sh;
			shellScript = "\"${SRCROOT}/Pods/Target Support Files/Pods-Doctors/Pods-Doctors-resources.sh\"\n";
			showEnvVarsInLog = 0;
		};
		D1E6628D866CE154EE31F6D9 /* [CP] Embed Pods Frameworks */ = {
			isa = PBXShellScriptBuildPhase;
			buildActionMask = 2147483647;
			files = (
			);
			inputPaths = (
				"${SRCROOT}/Pods/Target Support Files/Pods-Doctors/Pods-Doctors-frameworks.sh",
				"${BUILT_PRODUCTS_DIR}/Alamofire/Alamofire.framework",
				"${BUILT_PRODUCTS_DIR}/Realm/Realm.framework",
				"${BUILT_PRODUCTS_DIR}/RealmSwift/RealmSwift.framework",
				"${BUILT_PRODUCTS_DIR}/RxCocoa/RxCocoa.framework",
				"${BUILT_PRODUCTS_DIR}/RxSwift/RxSwift.framework",
			);
			name = "[CP] Embed Pods Frameworks";
			outputPaths = (
				"${TARGET_BUILD_DIR}/${FRAMEWORKS_FOLDER_PATH}/Alamofire.framework",
				"${TARGET_BUILD_DIR}/${FRAMEWORKS_FOLDER_PATH}/Realm.framework",
				"${TARGET_BUILD_DIR}/${FRAMEWORKS_FOLDER_PATH}/RealmSwift.framework",
				"${TARGET_BUILD_DIR}/${FRAMEWORKS_FOLDER_PATH}/RxCocoa.framework",
				"${TARGET_BUILD_DIR}/${FRAMEWORKS_FOLDER_PATH}/RxSwift.framework",
			);
			runOnlyForDeploymentPostprocessing = 0;
			shellPath = /bin/sh;
			shellScript = "\"${SRCROOT}/Pods/Target Support Files/Pods-Doctors/Pods-Doctors-frameworks.sh\"\n";
			showEnvVarsInLog = 0;
		};
/* End PBXShellScriptBuildPhase section */

/* Begin PBXSourcesBuildPhase section */
		18D5F76920AD57350091B4EC /* Sources */ = {
			isa = PBXSourcesBuildPhase;
			buildActionMask = 2147483647;
			files = (
				18D5F77320AD57350091B4EC /* MainViewController.swift in Sources */,
				18D5F7A720AD6E420091B4EC /* DoctorsViewController.swift in Sources */,
				18D5F77120AD57350091B4EC /* AppDelegate.swift in Sources */,
				115D396B3695FFFE689779F8 /* Speciality.swift in Sources */,
				115D3154DA5408D0033C98C3 /* RestApi.swift in Sources */,
				115D329C7F4DF83A6E36892F /* MainViewModel.swift in Sources */,
				115D36DFD28F19506CF35406 /* DoctorsViewModel.swift in Sources */,
				115D3E85724CBC9DC79FAD35 /* Doctor.swift in Sources */,
				115D3EFFCAF978272A49F56E /* BaseViewModel.swift in Sources */,
				115D3713E4F9E99FFDED4DCB /* Extensions.swift in Sources */,
			);
			runOnlyForDeploymentPostprocessing = 0;
		};
		18D5F77D20AD57360091B4EC /* Sources */ = {
			isa = PBXSourcesBuildPhase;
			buildActionMask = 2147483647;
			files = (
				18D5F78620AD57360091B4EC /* DoctorsTests.swift in Sources */,
			);
			runOnlyForDeploymentPostprocessing = 0;
		};
		18D5F78820AD57370091B4EC /* Sources */ = {
			isa = PBXSourcesBuildPhase;
			buildActionMask = 2147483647;
			files = (
				18D5F79120AD57370091B4EC /* DoctorsUITests.swift in Sources */,
			);
			runOnlyForDeploymentPostprocessing = 0;
		};
/* End PBXSourcesBuildPhase section */

/* Begin PBXTargetDependency section */
		18D5F78320AD57360091B4EC /* PBXTargetDependency */ = {
			isa = PBXTargetDependency;
			target = 18D5F76C20AD57350091B4EC /* Doctors */;
			targetProxy = 18D5F78220AD57360091B4EC /* PBXContainerItemProxy */;
		};
		18D5F78E20AD57370091B4EC /* PBXTargetDependency */ = {
			isa = PBXTargetDependency;
			target = 18D5F76C20AD57350091B4EC /* Doctors */;
			targetProxy = 18D5F78D20AD57370091B4EC /* PBXContainerItemProxy */;
		};
/* End PBXTargetDependency section */

/* Begin PBXVariantGroup section */
		18D5F77420AD57350091B4EC /* Main.storyboard */ = {
			isa = PBXVariantGroup;
			children = (
				18D5F77520AD57350091B4EC /* Base */,
			);
			name = Main.storyboard;
			sourceTree = "<group>";
		};
		18D5F77920AD57360091B4EC /* LaunchScreen.storyboard */ = {
			isa = PBXVariantGroup;
			children = (
				18D5F77A20AD57360091B4EC /* Base */,
			);
			name = LaunchScreen.storyboard;
			sourceTree = "<group>";
		};
/* End PBXVariantGroup section */

/* Begin XCBuildConfiguration section */
		18D5F79320AD57370091B4EC /* Debug */ = {
			isa = XCBuildConfiguration;
			buildSettings = {
				ALWAYS_SEARCH_USER_PATHS = NO;
				CLANG_ANALYZER_NONNULL = YES;
				CLANG_ANALYZER_NUMBER_OBJECT_CONVERSION = YES_AGGRESSIVE;
				CLANG_CXX_LANGUAGE_STANDARD = "gnu++14";
				CLANG_CXX_LIBRARY = "libc++";
				CLANG_ENABLE_MODULES = YES;
				CLANG_ENABLE_OBJC_ARC = YES;
				CLANG_ENABLE_OBJC_WEAK = YES;
				CLANG_WARN_BLOCK_CAPTURE_AUTORELEASING = YES;
				CLANG_WARN_BOOL_CONVERSION = YES;
				CLANG_WARN_COMMA = YES;
				CLANG_WARN_CONSTANT_CONVERSION = YES;
				CLANG_WARN_DEPRECATED_OBJC_IMPLEMENTATIONS = YES;
				CLANG_WARN_DIRECT_OBJC_ISA_USAGE = YES_ERROR;
				CLANG_WARN_DOCUMENTATION_COMMENTS = YES;
				CLANG_WARN_EMPTY_BODY = YES;
				CLANG_WARN_ENUM_CONVERSION = YES;
				CLANG_WARN_INFINITE_RECURSION = YES;
				CLANG_WARN_INT_CONVERSION = YES;
				CLANG_WARN_NON_LITERAL_NULL_CONVERSION = YES;
				CLANG_WARN_OBJC_IMPLICIT_RETAIN_SELF = YES;
				CLANG_WARN_OBJC_LITERAL_CONVERSION = YES;
				CLANG_WARN_OBJC_ROOT_CLASS = YES_ERROR;
				CLANG_WARN_RANGE_LOOP_ANALYSIS = YES;
				CLANG_WARN_STRICT_PROTOTYPES = YES;
				CLANG_WARN_SUSPICIOUS_MOVE = YES;
				CLANG_WARN_UNGUARDED_AVAILABILITY = YES_AGGRESSIVE;
				CLANG_WARN_UNREACHABLE_CODE = YES;
				CLANG_WARN__DUPLICATE_METHOD_MATCH = YES;
				CODE_SIGN_IDENTITY = "iPhone Developer";
				COPY_PHASE_STRIP = NO;
				DEBUG_INFORMATION_FORMAT = dwarf;
				ENABLE_STRICT_OBJC_MSGSEND = YES;
				ENABLE_TESTABILITY = YES;
				GCC_C_LANGUAGE_STANDARD = gnu11;
				GCC_DYNAMIC_NO_PIC = NO;
				GCC_NO_COMMON_BLOCKS = YES;
				GCC_OPTIMIZATION_LEVEL = 0;
				GCC_PREPROCESSOR_DEFINITIONS = (
					"DEBUG=1",
					"$(inherited)",
				);
				GCC_WARN_64_TO_32_BIT_CONVERSION = YES;
				GCC_WARN_ABOUT_RETURN_TYPE = YES_ERROR;
				GCC_WARN_UNDECLARED_SELECTOR = YES;
				GCC_WARN_UNINITIALIZED_AUTOS = YES_AGGRESSIVE;
				GCC_WARN_UNUSED_FUNCTION = YES;
				GCC_WARN_UNUSED_VARIABLE = YES;
				IPHONEOS_DEPLOYMENT_TARGET = 11.3;
				MTL_ENABLE_DEBUG_INFO = YES;
				ONLY_ACTIVE_ARCH = YES;
				SDKROOT = iphoneos;
				SWIFT_ACTIVE_COMPILATION_CONDITIONS = DEBUG;
				SWIFT_OPTIMIZATION_LEVEL = "-Onone";
			};
			name = Debug;
		};
		18D5F79420AD57370091B4EC /* Release */ = {
			isa = XCBuildConfiguration;
			buildSettings = {
				ALWAYS_SEARCH_USER_PATHS = NO;
				CLANG_ANALYZER_NONNULL = YES;
				CLANG_ANALYZER_NUMBER_OBJECT_CONVERSION = YES_AGGRESSIVE;
				CLANG_CXX_LANGUAGE_STANDARD = "gnu++14";
				CLANG_CXX_LIBRARY = "libc++";
				CLANG_ENABLE_MODULES = YES;
				CLANG_ENABLE_OBJC_ARC = YES;
				CLANG_ENABLE_OBJC_WEAK = YES;
				CLANG_WARN_BLOCK_CAPTURE_AUTORELEASING = YES;
				CLANG_WARN_BOOL_CONVERSION = YES;
				CLANG_WARN_COMMA = YES;
				CLANG_WARN_CONSTANT_CONVERSION = YES;
				CLANG_WARN_DEPRECATED_OBJC_IMPLEMENTATIONS = YES;
				CLANG_WARN_DIRECT_OBJC_ISA_USAGE = YES_ERROR;
				CLANG_WARN_DOCUMENTATION_COMMENTS = YES;
				CLANG_WARN_EMPTY_BODY = YES;
				CLANG_WARN_ENUM_CONVERSION = YES;
				CLANG_WARN_INFINITE_RECURSION = YES;
				CLANG_WARN_INT_CONVERSION = YES;
				CLANG_WARN_NON_LITERAL_NULL_CONVERSION = YES;
				CLANG_WARN_OBJC_IMPLICIT_RETAIN_SELF = YES;
				CLANG_WARN_OBJC_LITERAL_CONVERSION = YES;
				CLANG_WARN_OBJC_ROOT_CLASS = YES_ERROR;
				CLANG_WARN_RANGE_LOOP_ANALYSIS = YES;
				CLANG_WARN_STRICT_PROTOTYPES = YES;
				CLANG_WARN_SUSPICIOUS_MOVE = YES;
				CLANG_WARN_UNGUARDED_AVAILABILITY = YES_AGGRESSIVE;
				CLANG_WARN_UNREACHABLE_CODE = YES;
				CLANG_WARN__DUPLICATE_METHOD_MATCH = YES;
				CODE_SIGN_IDENTITY = "iPhone Developer";
				COPY_PHASE_STRIP = NO;
				DEBUG_INFORMATION_FORMAT = "dwarf-with-dsym";
				ENABLE_NS_ASSERTIONS = NO;
				ENABLE_STRICT_OBJC_MSGSEND = YES;
				GCC_C_LANGUAGE_STANDARD = gnu11;
				GCC_NO_COMMON_BLOCKS = YES;
				GCC_WARN_64_TO_32_BIT_CONVERSION = YES;
				GCC_WARN_ABOUT_RETURN_TYPE = YES_ERROR;
				GCC_WARN_UNDECLARED_SELECTOR = YES;
				GCC_WARN_UNINITIALIZED_AUTOS = YES_AGGRESSIVE;
				GCC_WARN_UNUSED_FUNCTION = YES;
				GCC_WARN_UNUSED_VARIABLE = YES;
				IPHONEOS_DEPLOYMENT_TARGET = 11.3;
				MTL_ENABLE_DEBUG_INFO = NO;
				SDKROOT = iphoneos;
				SWIFT_COMPILATION_MODE = wholemodule;
				SWIFT_OPTIMIZATION_LEVEL = "-O";
				VALIDATE_PRODUCT = YES;
			};
			name = Release;
		};
		18D5F79620AD57370091B4EC /* Debug */ = {
			isa = XCBuildConfiguration;
			baseConfigurationReference = AB906CEEB577A4805748099E /* Pods-Doctors.debug.xcconfig */;
			buildSettings = {
				ASSETCATALOG_COMPILER_APPICON_NAME = AppIcon;
				CODE_SIGN_STYLE = Automatic;
				INFOPLIST_FILE = Doctors/Resources/Info.plist;
				IPHONEOS_DEPLOYMENT_TARGET = 8.0;
				LD_RUNPATH_SEARCH_PATHS = "$(inherited) @executable_path/Frameworks";
				PRODUCT_BUNDLE_IDENTIFIER = "com.bently-93.Doctors";
				PRODUCT_NAME = "$(TARGET_NAME)";
				SWIFT_VERSION = 4.0;
				TARGETED_DEVICE_FAMILY = "1,2";
			};
			name = Debug;
		};
		18D5F79720AD57370091B4EC /* Release */ = {
			isa = XCBuildConfiguration;
			baseConfigurationReference = DC861E37271EA795BE462A73 /* Pods-Doctors.release.xcconfig */;
			buildSettings = {
				ASSETCATALOG_COMPILER_APPICON_NAME = AppIcon;
				CODE_SIGN_STYLE = Automatic;
				INFOPLIST_FILE = Doctors/Resources/Info.plist;
				IPHONEOS_DEPLOYMENT_TARGET = 8.0;
				LD_RUNPATH_SEARCH_PATHS = "$(inherited) @executable_path/Frameworks";
				PRODUCT_BUNDLE_IDENTIFIER = "com.bently-93.Doctors";
				PRODUCT_NAME = "$(TARGET_NAME)";
				SWIFT_VERSION = 4.0;
				TARGETED_DEVICE_FAMILY = "1,2";
			};
			name = Release;
		};
		18D5F79920AD57370091B4EC /* Debug */ = {
			isa = XCBuildConfiguration;
			baseConfigurationReference = CA3C7D3077B9F552777E1121 /* Pods-DoctorsTests.debug.xcconfig */;
			buildSettings = {
				ALWAYS_EMBED_SWIFT_STANDARD_LIBRARIES = YES;
				BUNDLE_LOADER = "$(TEST_HOST)";
				CODE_SIGN_STYLE = Automatic;
				INFOPLIST_FILE = DoctorsTests/Info.plist;
				LD_RUNPATH_SEARCH_PATHS = "$(inherited) @executable_path/Frameworks @loader_path/Frameworks";
				PRODUCT_BUNDLE_IDENTIFIER = "com.bently-93.DoctorsTests";
				PRODUCT_NAME = "$(TARGET_NAME)";
				SWIFT_VERSION = 4.0;
				TARGETED_DEVICE_FAMILY = "1,2";
				TEST_HOST = "$(BUILT_PRODUCTS_DIR)/Doctors.app/Doctors";
			};
			name = Debug;
		};
		18D5F79A20AD57370091B4EC /* Release */ = {
			isa = XCBuildConfiguration;
			baseConfigurationReference = 4E4AF0E4F31CD69E1BF00EED /* Pods-DoctorsTests.release.xcconfig */;
			buildSettings = {
				ALWAYS_EMBED_SWIFT_STANDARD_LIBRARIES = YES;
				BUNDLE_LOADER = "$(TEST_HOST)";
				CODE_SIGN_STYLE = Automatic;
				INFOPLIST_FILE = DoctorsTests/Info.plist;
				LD_RUNPATH_SEARCH_PATHS = "$(inherited) @executable_path/Frameworks @loader_path/Frameworks";
				PRODUCT_BUNDLE_IDENTIFIER = "com.bently-93.DoctorsTests";
				PRODUCT_NAME = "$(TARGET_NAME)";
				SWIFT_VERSION = 4.0;
				TARGETED_DEVICE_FAMILY = "1,2";
				TEST_HOST = "$(BUILT_PRODUCTS_DIR)/Doctors.app/Doctors";
			};
			name = Release;
		};
		18D5F79C20AD57370091B4EC /* Debug */ = {
			isa = XCBuildConfiguration;
			baseConfigurationReference = 77061FB9377325FA80F4052D /* Pods-DoctorsUITests.debug.xcconfig */;
			buildSettings = {
				ALWAYS_EMBED_SWIFT_STANDARD_LIBRARIES = YES;
				CODE_SIGN_STYLE = Automatic;
				INFOPLIST_FILE = DoctorsUITests/Info.plist;
				LD_RUNPATH_SEARCH_PATHS = "$(inherited) @executable_path/Frameworks @loader_path/Frameworks";
				PRODUCT_BUNDLE_IDENTIFIER = "com.bently-93.DoctorsUITests";
				PRODUCT_NAME = "$(TARGET_NAME)";
				SWIFT_VERSION = 4.0;
				TARGETED_DEVICE_FAMILY = "1,2";
				TEST_TARGET_NAME = Doctors;
			};
			name = Debug;
		};
		18D5F79D20AD57370091B4EC /* Release */ = {
			isa = XCBuildConfiguration;
			baseConfigurationReference = A5A4F1156D1DEA5F55A25634 /* Pods-DoctorsUITests.release.xcconfig */;
			buildSettings = {
				ALWAYS_EMBED_SWIFT_STANDARD_LIBRARIES = YES;
				CODE_SIGN_STYLE = Automatic;
				INFOPLIST_FILE = DoctorsUITests/Info.plist;
				LD_RUNPATH_SEARCH_PATHS = "$(inherited) @executable_path/Frameworks @loader_path/Frameworks";
				PRODUCT_BUNDLE_IDENTIFIER = "com.bently-93.DoctorsUITests";
				PRODUCT_NAME = "$(TARGET_NAME)";
				SWIFT_VERSION = 4.0;
				TARGETED_DEVICE_FAMILY = "1,2";
				TEST_TARGET_NAME = Doctors;
			};
			name = Release;
		};
/* End XCBuildConfiguration section */

/* Begin XCConfigurationList section */
		18D5F76820AD57350091B4EC /* Build configuration list for PBXProject "Doctors" */ = {
			isa = XCConfigurationList;
			buildConfigurations = (
				18D5F79320AD57370091B4EC /* Debug */,
				18D5F79420AD57370091B4EC /* Release */,
			);
			defaultConfigurationIsVisible = 0;
			defaultConfigurationName = Release;
		};
		18D5F79520AD57370091B4EC /* Build configuration list for PBXNativeTarget "Doctors" */ = {
			isa = XCConfigurationList;
			buildConfigurations = (
				18D5F79620AD57370091B4EC /* Debug */,
				18D5F79720AD57370091B4EC /* Release */,
			);
			defaultConfigurationIsVisible = 0;
			defaultConfigurationName = Release;
		};
		18D5F79820AD57370091B4EC /* Build configuration list for PBXNativeTarget "DoctorsTests" */ = {
			isa = XCConfigurationList;
			buildConfigurations = (
				18D5F79920AD57370091B4EC /* Debug */,
				18D5F79A20AD57370091B4EC /* Release */,
			);
			defaultConfigurationIsVisible = 0;
			defaultConfigurationName = Release;
		};
		18D5F79B20AD57370091B4EC /* Build configuration list for PBXNativeTarget "DoctorsUITests" */ = {
			isa = XCConfigurationList;
			buildConfigurations = (
				18D5F79C20AD57370091B4EC /* Debug */,
				18D5F79D20AD57370091B4EC /* Release */,
			);
			defaultConfigurationIsVisible = 0;
			defaultConfigurationName = Release;
		};
/* End XCConfigurationList section */
	};
	rootObject = 18D5F76520AD57350091B4EC /* Project object */;
}
